// !$*UTF8*$!
{
	archiveVersion = 1;
	classes = {
	};
	objectVersion = 46;
	objects = {

/* Begin PBXBuildFile section */
		A9DAEC951B7205740000149D /* AppDelegate.swift in Sources */ = {isa = PBXBuildFile; fileRef = A9DAEC941B7205740000149D /* AppDelegate.swift */; };
		A9DAEC971B7205740000149D /* ViewController.swift in Sources */ = {isa = PBXBuildFile; fileRef = A9DAEC961B7205740000149D /* ViewController.swift */; };
		A9DAEC9A1B7205740000149D /* Main.storyboard in Resources */ = {isa = PBXBuildFile; fileRef = A9DAEC981B7205740000149D /* Main.storyboard */; };
		A9DAEC9C1B7205740000149D /* Images.xcassets in Resources */ = {isa = PBXBuildFile; fileRef = A9DAEC9B1B7205740000149D /* Images.xcassets */; };
		A9DAEC9F1B7205740000149D /* LaunchScreen.xib in Resources */ = {isa = PBXBuildFile; fileRef = A9DAEC9D1B7205740000149D /* LaunchScreen.xib */; };
		A9DAECAB1B7205740000149D /* SmashtagTests.swift in Sources */ = {isa = PBXBuildFile; fileRef = A9DAECAA1B7205740000149D /* SmashtagTests.swift */; };
/* End PBXBuildFile section */

/* Begin PBXContainerItemProxy section */
		A9DAECA51B7205740000149D /* PBXContainerItemProxy */ = {
			isa = PBXContainerItemProxy;
			containerPortal = A9DAEC871B7205740000149D /* Project object */;
			proxyType = 1;
			remoteGlobalIDString = A9DAEC8E1B7205740000149D;
			remoteInfo = Smashtag;
		};
/* End PBXContainerItemProxy section */

/* Begin PBXFileReference section */
		A9DAEC8F1B7205740000149D /* Smashtag.app */ = {isa = PBXFileReference; explicitFileType = wrapper.application; includeInIndex = 0; path = Smashtag.app; sourceTree = BUILT_PRODUCTS_DIR; };
		A9DAEC931B7205740000149D /* Info.plist */ = {isa = PBXFileReference; lastKnownFileType = text.plist.xml; path = Info.plist; sourceTree = "<group>"; };
		A9DAEC941B7205740000149D /* AppDelegate.swift */ = {isa = PBXFileReference; lastKnownFileType = sourcecode.swift; path = AppDelegate.swift; sourceTree = "<group>"; };
		A9DAEC961B7205740000149D /* ViewController.swift */ = {isa = PBXFileReference; lastKnownFileType = sourcecode.swift; path = ViewController.swift; sourceTree = "<group>"; };
		A9DAEC991B7205740000149D /* Base */ = {isa = PBXFileReference; lastKnownFileType = file.storyboard; name = Base; path = Base.lproj/Main.storyboard; sourceTree = "<group>"; };
		A9DAEC9B1B7205740000149D /* Images.xcassets */ = {isa = PBXFileReference; lastKnownFileType = folder.assetcatalog; path = Images.xcassets; sourceTree = "<group>"; };
		A9DAEC9E1B7205740000149D /* Base */ = {isa = PBXFileReference; lastKnownFileType = file.xib; name = Base; path = Base.lproj/LaunchScreen.xib; sourceTree = "<group>"; };
		A9DAECA41B7205740000149D /* SmashtagTests.xctest */ = {isa = PBXFileReference; explicitFileType = wrapper.cfbundle; includeInIndex = 0; path = SmashtagTests.xctest; sourceTree = BUILT_PRODUCTS_DIR; };
		A9DAECA91B7205740000149D /* Info.plist */ = {isa = PBXFileReference; lastKnownFileType = text.plist.xml; path = Info.plist; sourceTree = "<group>"; };
		A9DAECAA1B7205740000149D /* SmashtagTests.swift */ = {isa = PBXFileReference; lastKnownFileType = sourcecode.swift; path = SmashtagTests.swift; sourceTree = "<group>"; };
/* End PBXFileReference section */

/* Begin PBXFrameworksBuildPhase section */
		A9DAEC8C1B7205740000149D /* Frameworks */ = {
			isa = PBXFrameworksBuildPhase;
			buildActionMask = 2147483647;
			files = (
			);
			runOnlyForDeploymentPostprocessing = 0;
		};
		A9DAECA11B7205740000149D /* Frameworks */ = {
			isa = PBXFrameworksBuildPhase;
			buildActionMask = 2147483647;
			files = (
			);
			runOnlyForDeploymentPostprocessing = 0;
		};
/* End PBXFrameworksBuildPhase section */

/* Begin PBXGroup section */
		A9DAEC861B7205740000149D = {
			isa = PBXGroup;
			children = (
				A9DAEC911B7205740000149D /* Smashtag */,
				A9DAECA71B7205740000149D /* SmashtagTests */,
				A9DAEC901B7205740000149D /* Products */,
			);
			sourceTree = "<group>";
		};
		A9DAEC901B7205740000149D /* Products */ = {
			isa = PBXGroup;
			children = (
				A9DAEC8F1B7205740000149D /* Smashtag.app */,
				A9DAECA41B7205740000149D /* SmashtagTests.xctest */,
			);
			name = Products;
			sourceTree = "<group>";
		};
		A9DAEC911B7205740000149D /* Smashtag */ = {
			isa = PBXGroup;
			children = (
				A9DAEC941B7205740000149D /* AppDelegate.swift */,
				A9DAEC961B7205740000149D /* ViewController.swift */,
				A9DAEC981B7205740000149D /* Main.storyboard */,
				A9DAEC9B1B7205740000149D /* Images.xcassets */,
				A9DAEC9D1B7205740000149D /* LaunchScreen.xib */,
				A9DAEC921B7205740000149D /* Supporting Files */,
			);
			path = Smashtag;
			sourceTree = "<group>";
		};
		A9DAEC921B7205740000149D /* Supporting Files */ = {
			isa = PBXGroup;
			children = (
				A9DAEC931B7205740000149D /* Info.plist */,
			);
			name = "Supporting Files";
			sourceTree = "<group>";
		};
		A9DAECA71B7205740000149D /* SmashtagTests */ = {
			isa = PBXGroup;
			children = (
				A9DAECAA1B7205740000149D /* SmashtagTests.swift */,
				A9DAECA81B7205740000149D /* Supporting Files */,
			);
			path = SmashtagTests;
			sourceTree = "<group>";
		};
		A9DAECA81B7205740000149D /* Supporting Files */ = {
			isa = PBXGroup;
			children = (
				A9DAECA91B7205740000149D /* Info.plist */,
			);
			name = "Supporting Files";
			sourceTree = "<group>";
		};
/* End PBXGroup section */

/* Begin PBXNativeTarget section */
		A9DAEC8E1B7205740000149D /* Smashtag */ = {
			isa = PBXNativeTarget;
			buildConfigurationList = A9DAECAE1B7205740000149D /* Build configuration list for PBXNativeTarget "Smashtag" */;
			buildPhases = (
				A9DAEC8B1B7205740000149D /* Sources */,
				A9DAEC8C1B7205740000149D /* Frameworks */,
				A9DAEC8D1B7205740000149D /* Resources */,
			);
			buildRules = (
			);
			dependencies = (
			);
			name = Smashtag;
			productName = Smashtag;
			productReference = A9DAEC8F1B7205740000149D /* Smashtag.app */;
			productType = "com.apple.product-type.application";
		};
		A9DAECA31B7205740000149D /* SmashtagTests */ = {
			isa = PBXNativeTarget;
			buildConfigurationList = A9DAECB11B7205740000149D /* Build configuration list for PBXNativeTarget "SmashtagTests" */;
			buildPhases = (
				A9DAECA01B7205740000149D /* Sources */,
				A9DAECA11B7205740000149D /* Frameworks */,
				A9DAECA21B7205740000149D /* Resources */,
			);
			buildRules = (
			);
			dependencies = (
				A9DAECA61B7205740000149D /* PBXTargetDependency */,
			);
			name = SmashtagTests;
			productName = SmashtagTests;
			productReference = A9DAECA41B7205740000149D /* SmashtagTests.xctest */;
			productType = "com.apple.product-type.bundle.unit-test";
		};
/* End PBXNativeTarget section */

/* Begin PBXProject section */
		A9DAEC871B7205740000149D /* Project object */ = {
			isa = PBXProject;
			attributes = {
				LastUpgradeCheck = 0640;
				ORGANIZATIONNAME = "Marco Montalto Monella";
				TargetAttributes = {
					A9DAEC8E1B7205740000149D = {
						CreatedOnToolsVersion = 6.4;
					};
					A9DAECA31B7205740000149D = {
						CreatedOnToolsVersion = 6.4;
						TestTargetID = A9DAEC8E1B7205740000149D;
					};
				};
			};
			buildConfigurationList = A9DAEC8A1B7205740000149D /* Build configuration list for PBXProject "Smashtag" */;
			compatibilityVersion = "Xcode 3.2";
			developmentRegion = English;
			hasScannedForEncodings = 0;
			knownRegions = (
				en,
				Base,
			);
			mainGroup = A9DAEC861B7205740000149D;
			productRefGroup = A9DAEC901B7205740000149D /* Products */;
			projectDirPath = "";
			projectRoot = "";
			targets = (
				A9DAEC8E1B7205740000149D /* Smashtag */,
				A9DAECA31B7205740000149D /* SmashtagTests */,
			);
		};
/* End PBXProject section */

/* Begin PBXResourcesBuildPhase section */
		A9DAEC8D1B7205740000149D /* Resources */ = {
			isa = PBXResourcesBuildPhase;
			buildActionMask = 2147483647;
			files = (
				A9DAEC9A1B7205740000149D /* Main.storyboard in Resources */,
				A9DAEC9F1B7205740000149D /* LaunchScreen.xib in Resources */,
				A9DAEC9C1B7205740000149D /* Images.xcassets in Resources */,
			);
			runOnlyForDeploymentPostprocessing = 0;
		};
		A9DAECA21B7205740000149D /* Resources */ = {
			isa = PBXResourcesBuildPhase;
			buildActionMask = 2147483647;
			files = (
			);
			runOnlyForDeploymentPostprocessing = 0;
		};
/* End PBXResourcesBuildPhase section */

/* Begin PBXSourcesBuildPhase section */
		A9DAEC8B1B7205740000149D /* Sources */ = {
			isa = PBXSourcesBuildPhase;
			buildActionMask = 2147483647;
			files = (
				A9DAEC971B7205740000149D /* ViewController.swift in Sources */,
				A9DAEC951B7205740000149D /* AppDelegate.swift in Sources */,
			);
			runOnlyForDeploymentPostprocessing = 0;
		};
		A9DAECA01B7205740000149D /* Sources */ = {
			isa = PBXSourcesBuildPhase;
			buildActionMask = 2147483647;
			files = (
				A9DAECAB1B7205740000149D /* SmashtagTests.swift in Sources */,
			);
			runOnlyForDeploymentPostprocessing = 0;
		};
/* End PBXSourcesBuildPhase section */

/* Begin PBXTargetDependency section */
		A9DAECA61B7205740000149D /* PBXTargetDependency */ = {
			isa = PBXTargetDependency;
			target = A9DAEC8E1B7205740000149D /* Smashtag */;
			targetProxy = A9DAECA51B7205740000149D /* PBXContainerItemProxy */;
		};
/* End PBXTargetDependency section */

/* Begin PBXVariantGroup section */
		A9DAEC981B7205740000149D /* Main.storyboard */ = {
			isa = PBXVariantGroup;
			children = (
				A9DAEC991B7205740000149D /* Base */,
			);
			name = Main.storyboard;
			sourceTree = "<group>";
		};
		A9DAEC9D1B7205740000149D /* LaunchScreen.xib */ = {
			isa = PBXVariantGroup;
			children = (
				A9DAEC9E1B7205740000149D /* Base */,
			);
			name = LaunchScreen.xib;
			sourceTree = "<group>";
		};
/* End PBXVariantGroup section */

/* Begin XCBuildConfiguration section */
		A9DAECAC1B7205740000149D /* Debug */ = {
			isa = XCBuildConfiguration;
			buildSettings = {
				ALWAYS_SEARCH_USER_PATHS = NO;
				CLANG_CXX_LANGUAGE_STANDARD = "gnu++0x";
				CLANG_CXX_LIBRARY = "libc++";
				CLANG_ENABLE_MODULES = YES;
				CLANG_ENABLE_OBJC_ARC = YES;
				CLANG_WARN_BOOL_CONVERSION = YES;
				CLANG_WARN_CONSTANT_CONVERSION = YES;
				CLANG_WARN_DIRECT_OBJC_ISA_USAGE = YES_ERROR;
				CLANG_WARN_EMPTY_BODY = YES;
				CLANG_WARN_ENUM_CONVERSION = YES;
				CLANG_WARN_INT_CONVERSION = YES;
				CLANG_WARN_OBJC_ROOT_CLASS = YES_ERROR;
				CLANG_WARN_UNREACHABLE_CODE = YES;
				CLANG_WARN__DUPLICATE_METHOD_MATCH = YES;
				"CODE_SIGN_IDENTITY[sdk=iphoneos*]" = "iPhone Developer";
				COPY_PHASE_STRIP = NO;
				DEBUG_INFORMATION_FORMAT = "dwarf-with-dsym";
				ENABLE_STRICT_OBJC_MSGSEND = YES;
				GCC_C_LANGUAGE_STANDARD = gnu99;
				GCC_DYNAMIC_NO_PIC = NO;
				GCC_NO_COMMON_BLOCKS = YES;
				GCC_OPTIMIZATION_LEVEL = 0;
				GCC_PREPROCESSOR_DEFINITIONS = (
					"DEBUG=1",
					"$(inherited)",
				);
				GCC_SYMBOLS_PRIVATE_EXTERN = NO;
				GCC_WARN_64_TO_32_BIT_CONVERSION = YES;
				GCC_WARN_ABOUT_RETURN_TYPE = YES_ERROR;
				GCC_WARN_UNDECLARED_SELECTOR = YES;
				GCC_WARN_UNINITIALIZED_AUTOS = YES_AGGRESSIVE;
				GCC_WARN_UNUSED_FUNCTION = YES;
				GCC_WARN_UNUSED_VARIABLE = YES;
				IPHONEOS_DEPLOYMENT_TARGET = 8.4;
				MTL_ENABLE_DEBUG_INFO = YES;
				ONLY_ACTIVE_ARCH = YES;
				SDKROOT = iphoneos;
				SWIFT_OPTIMIZATION_LEVEL = "-Onone";
				TARGETED_DEVICE_FAMILY = "1,2";
			};
			name = Debug;
		};
		A9DAECAD1B7205740000149D /* Release */ = {
			isa = XCBuildConfiguration;
			buildSettings = {
				ALWAYS_SEARCH_USER_PATHS = NO;
				CLANG_CXX_LANGUAGE_STANDARD = "gnu++0x";
				CLANG_CXX_LIBRARY = "libc++";
				CLANG_ENABLE_MODULES = YES;
				CLANG_ENABLE_OBJC_ARC = YES;
				CLANG_WARN_BOOL_CONVERSION = YES;
				CLANG_WARN_CONSTANT_CONVERSION = YES;
				CLANG_WARN_DIRECT_OBJC_ISA_USAGE = YES_ERROR;
				CLANG_WARN_EMPTY_BODY = YES;
				CLANG_WARN_ENUM_CONVERSION = YES;
				CLANG_WARN_INT_CONVERSION = YES;
				CLANG_WARN_OBJC_ROOT_CLASS = YES_ERROR;
				CLANG_WARN_UNREACHABLE_CODE = YES;
				CLANG_WARN__DUPLICATE_METHOD_MATCH = YES;
				"CODE_SIGN_IDENTITY[sdk=iphoneos*]" = "iPhone Developer";
				COPY_PHASE_STRIP = NO;
				DEBUG_INFORMATION_FORMAT = "dwarf-with-dsym";
				ENABLE_NS_ASSERTIONS = NO;
				ENABLE_STRICT_OBJC_MSGSEND = YES;
				GCC_C_LANGUAGE_STANDARD = gnu99;
				GCC_NO_COMMON_BLOCKS = YES;
				GCC_WARN_64_TO_32_BIT_CONVERSION = YES;
				GCC_WARN_ABOUT_RETURN_TYPE = YES_ERROR;
				GCC_WARN_UNDECLARED_SELECTOR = YES;
				GCC_WARN_UNINITIALIZED_AUTOS = YES_AGGRESSIVE;
				GCC_WARN_UNUSED_FUNCTION = YES;
				GCC_WARN_UNUSED_VARIABLE = YES;
				IPHONEOS_DEPLOYMENT_TARGET = 8.4;
				MTL_ENABLE_DEBUG_INFO = NO;
				SDKROOT = iphoneos;
				TARGETED_DEVICE_FAMILY = "1,2";
				VALIDATE_PRODUCT = YES;
			};
			name = Release;
		};
		A9DAECAF1B7205740000149D /* Debug */ = {
			isa = XCBuildConfiguration;
			buildSettings = {
				ASSETCATALOG_COMPILER_APPICON_NAME = AppIcon;
				INFOPLIST_FILE = Smashtag/Info.plist;
				LD_RUNPATH_SEARCH_PATHS = "$(inherited) @executable_path/Frameworks";
				PRODUCT_NAME = "$(TARGET_NAME)";
			};
			name = Debug;
		};
		A9DAECB01B7205740000149D /* Release */ = {
			isa = XCBuildConfiguration;
			buildSettings = {
				ASSETCATALOG_COMPILER_APPICON_NAME = AppIcon;
				INFOPLIST_FILE = Smashtag/Info.plist;
				LD_RUNPATH_SEARCH_PATHS = "$(inherited) @executable_path/Frameworks";
				PRODUCT_NAME = "$(TARGET_NAME)";
			};
			name = Release;
		};
		A9DAECB21B7205740000149D /* Debug */ = {
			isa = XCBuildConfiguration;
			buildSettings = {
				BUNDLE_LOADER = "$(TEST_HOST)";
				FRAMEWORK_SEARCH_PATHS = (
					"$(SDKROOT)/Developer/Library/Frameworks",
					"$(inherited)",
				);
				GCC_PREPROCESSOR_DEFINITIONS = (
					"DEBUG=1",
					"$(inherited)",
				);
				INFOPLIST_FILE = SmashtagTests/Info.plist;
				LD_RUNPATH_SEARCH_PATHS = "$(inherited) @executable_path/Frameworks @loader_path/Frameworks";
				PRODUCT_NAME = "$(TARGET_NAME)";
				TEST_HOST = "$(BUILT_PRODUCTS_DIR)/Smashtag.app/Smashtag";
			};
			name = Debug;
		};
		A9DAECB31B7205740000149D /* Release */ = {
			isa = XCBuildConfiguration;
			buildSettings = {
				BUNDLE_LOADER = "$(TEST_HOST)";
				FRAMEWORK_SEARCH_PATHS = (
					"$(SDKROOT)/Developer/Library/Frameworks",
					"$(inherited)",
				);
				INFOPLIST_FILE = SmashtagTests/Info.plist;
				LD_RUNPATH_SEARCH_PATHS = "$(inherited) @executable_path/Frameworks @loader_path/Frameworks";
				PRODUCT_NAME = "$(TARGET_NAME)";
				TEST_HOST = "$(BUILT_PRODUCTS_DIR)/Smashtag.app/Smashtag";
			};
			name = Release;
		};
/* End XCBuildConfiguration section */

/* Begin XCConfigurationList section */
		A9DAEC8A1B7205740000149D /* Build configuration list for PBXProject "Smashtag" */ = {
			isa = XCConfigurationList;
			buildConfigurations = (
				A9DAECAC1B7205740000149D /* Debug */,
				A9DAECAD1B7205740000149D /* Release */,
			);
			defaultConfigurationIsVisible = 0;
			defaultConfigurationName = Release;
		};
		A9DAECAE1B7205740000149D /* Build configuration list for PBXNativeTarget "Smashtag" */ = {
			isa = XCConfigurationList;
			buildConfigurations = (
				A9DAECAF1B7205740000149D /* Debug */,
				A9DAECB01B7205740000149D /* Release */,
			);
			defaultConfigurationIsVisible = 0;
		};
		A9DAECB11B7205740000149D /* Build configuration list for PBXNativeTarget "SmashtagTests" */ = {
			isa = XCConfigurationList;
			buildConfigurations = (
				A9DAECB21B7205740000149D /* Debug */,
				A9DAECB31B7205740000149D /* Release */,
			);
			defaultConfigurationIsVisible = 0;
		};
/* End XCConfigurationList section */
	};
	rootObject = A9DAEC871B7205740000149D /* Project object */;
}
